<Solution>
  <Project Path="Assembly-CSharp-firstpass.csproj" />
  <Project Path="GameModule.CardSandBox.UnitIntention.csproj" />
  <Project Path="GameBase.CardSandBox.csproj" />
  <Project Path="Assembly-CSharp-Editor-firstpass.csproj" />
  <Project Path="Assembly-CSharp.csproj" />
  <Project Path="Assembly-CSharp-Editor.csproj" />
  <Project Path="CodeBase.Common.csproj" />
  <Project Path="AnimProcessSystem.csproj" />
</Solution>
